// !$*UTF8*$!
{
	archiveVersion = 1;
	classes = {
	};
	objectVersion = 48;
	objects = {

/* Begin PBXBuildFile section */
		2642F6A6201238D2009B6510 /* AppDelegate.swift in Sources */ = {isa = PBXBuildFile; fileRef = 2642F6A5201238D2009B6510 /* AppDelegate.swift */; };
		2642F6A8201238D2009B6510 /* ViewController.swift in Sources */ = {isa = PBXBuildFile; fileRef = 2642F6A7201238D2009B6510 /* ViewController.swift */; };
		2642F6AB201238D2009B6510 /* Main.storyboard in Resources */ = {isa = PBXBuildFile; fileRef = 2642F6A9201238D2009B6510 /* Main.storyboard */; };
		2642F6AD201238D2009B6510 /* Assets.xcassets in Resources */ = {isa = PBXBuildFile; fileRef = 2642F6AC201238D2009B6510 /* Assets.xcassets */; };
		2642F6B0201238D2009B6510 /* LaunchScreen.storyboard in Resources */ = {isa = PBXBuildFile; fileRef = 2642F6AE201238D2009B6510 /* LaunchScreen.storyboard */; };
		26960B0A2020D567002C4A3E /* NotificationService.swift in Sources */ = {isa = PBXBuildFile; fileRef = 26960B092020D567002C4A3E /* NotificationService.swift */; };
		26960B0E2020D567002C4A3E /* NotificationService.appex in Embed App Extensions */ = {isa = PBXBuildFile; fileRef = 26960B072020D567002C4A3E /* NotificationService.appex */; settings = {ATTRIBUTES = (RemoveHeadersOnCopy, ); }; };
/* End PBXBuildFile section */

/* Begin PBXContainerItemProxy section */
		26960B0C2020D567002C4A3E /* PBXContainerItemProxy */ = {
			isa = PBXContainerItemProxy;
			containerPortal = 2642F69A201238D2009B6510 /* Project object */;
			proxyType = 1;
			remoteGlobalIDString = 26960B062020D567002C4A3E;
			remoteInfo = NotificationService;
		};
/* End PBXContainerItemProxy section */

/* Begin PBXCopyFilesBuildPhase section */
		26960B122020D567002C4A3E /* Embed App Extensions */ = {
			isa = PBXCopyFilesBuildPhase;
			buildActionMask = 2147483647;
			dstPath = "";
			dstSubfolderSpec = 13;
			files = (
				26960B0E2020D567002C4A3E /* NotificationService.appex in Embed App Extensions */,
			);
			name = "Embed App Extensions";
			runOnlyForDeploymentPostprocessing = 0;
		};
/* End PBXCopyFilesBuildPhase section */

/* Begin PBXFileReference section */
		2642F6A2201238D2009B6510 /* unicorner.app */ = {isa = PBXFileReference; explicitFileType = wrapper.application; includeInIndex = 0; path = unicorner.app; sourceTree = BUILT_PRODUCTS_DIR; };
		2642F6A5201238D2009B6510 /* AppDelegate.swift */ = {isa = PBXFileReference; lastKnownFileType = sourcecode.swift; path = AppDelegate.swift; sourceTree = "<group>"; };
		2642F6A7201238D2009B6510 /* ViewController.swift */ = {isa = PBXFileReference; lastKnownFileType = sourcecode.swift; path = ViewController.swift; sourceTree = "<group>"; };
		2642F6AA201238D2009B6510 /* Base */ = {isa = PBXFileReference; lastKnownFileType = file.storyboard; name = Base; path = Base.lproj/Main.storyboard; sourceTree = "<group>"; };
		2642F6AC201238D2009B6510 /* Assets.xcassets */ = {isa = PBXFileReference; lastKnownFileType = folder.assetcatalog; path = Assets.xcassets; sourceTree = "<group>"; };
		2642F6AF201238D2009B6510 /* Base */ = {isa = PBXFileReference; lastKnownFileType = file.storyboard; name = Base; path = Base.lproj/LaunchScreen.storyboard; sourceTree = "<group>"; };
		2642F6B1201238D2009B6510 /* Info.plist */ = {isa = PBXFileReference; lastKnownFileType = text.plist.xml; path = Info.plist; sourceTree = "<group>"; };
		2642F6B7201238FB009B6510 /* unicorner.entitlements */ = {isa = PBXFileReference; lastKnownFileType = text.plist.entitlements; path = unicorner.entitlements; sourceTree = "<group>"; };
		26960B072020D567002C4A3E /* NotificationService.appex */ = {isa = PBXFileReference; explicitFileType = "wrapper.app-extension"; includeInIndex = 0; path = NotificationService.appex; sourceTree = BUILT_PRODUCTS_DIR; };
		26960B092020D567002C4A3E /* NotificationService.swift */ = {isa = PBXFileReference; lastKnownFileType = sourcecode.swift; path = NotificationService.swift; sourceTree = "<group>"; };
		26960B0B2020D567002C4A3E /* Info.plist */ = {isa = PBXFileReference; lastKnownFileType = text.plist.xml; path = Info.plist; sourceTree = "<group>"; };
/* End PBXFileReference section */

/* Begin PBXFrameworksBuildPhase section */
		2642F69F201238D2009B6510 /* Frameworks */ = {
			isa = PBXFrameworksBuildPhase;
			buildActionMask = 2147483647;
			files = (
			);
			runOnlyForDeploymentPostprocessing = 0;
		};
		26960B042020D567002C4A3E /* Frameworks */ = {
			isa = PBXFrameworksBuildPhase;
			buildActionMask = 2147483647;
			files = (
			);
			runOnlyForDeploymentPostprocessing = 0;
		};
/* End PBXFrameworksBuildPhase section */

/* Begin PBXGroup section */
		2642F699201238D2009B6510 = {
			isa = PBXGroup;
			children = (
				2642F6A4201238D2009B6510 /* unicorner */,
				26960B082020D567002C4A3E /* NotificationService */,
				2642F6A3201238D2009B6510 /* Products */,
			);
			sourceTree = "<group>";
		};
		2642F6A3201238D2009B6510 /* Products */ = {
			isa = PBXGroup;
			children = (
				2642F6A2201238D2009B6510 /* unicorner.app */,
				26960B072020D567002C4A3E /* NotificationService.appex */,
			);
			name = Products;
			sourceTree = "<group>";
		};
		2642F6A4201238D2009B6510 /* unicorner */ = {
			isa = PBXGroup;
			children = (
				2642F6B7201238FB009B6510 /* unicorner.entitlements */,
				2642F6A5201238D2009B6510 /* AppDelegate.swift */,
				2642F6A7201238D2009B6510 /* ViewController.swift */,
				2642F6A9201238D2009B6510 /* Main.storyboard */,
				2642F6AC201238D2009B6510 /* Assets.xcassets */,
				2642F6AE201238D2009B6510 /* LaunchScreen.storyboard */,
				2642F6B1201238D2009B6510 /* Info.plist */,
			);
			path = unicorner;
			sourceTree = "<group>";
		};
		26960B082020D567002C4A3E /* NotificationService */ = {
			isa = PBXGroup;
			children = (
				26960B092020D567002C4A3E /* NotificationService.swift */,
				26960B0B2020D567002C4A3E /* Info.plist */,
			);
			path = NotificationService;
			sourceTree = "<group>";
		};
/* End PBXGroup section */

/* Begin PBXNativeTarget section */
		2642F6A1201238D2009B6510 /* unicorner */ = {
			isa = PBXNativeTarget;
			buildConfigurationList = 2642F6B4201238D2009B6510 /* Build configuration list for PBXNativeTarget "unicorner" */;
			buildPhases = (
				2642F69E201238D2009B6510 /* Sources */,
				2642F69F201238D2009B6510 /* Frameworks */,
				2642F6A0201238D2009B6510 /* Resources */,
				26960B122020D567002C4A3E /* Embed App Extensions */,
			);
			buildRules = (
			);
			dependencies = (
				26960B0D2020D567002C4A3E /* PBXTargetDependency */,
			);
			name = unicorner;
			productName = unicorner;
			productReference = 2642F6A2201238D2009B6510 /* unicorner.app */;
			productType = "com.apple.product-type.application";
		};
		26960B062020D567002C4A3E /* NotificationService */ = {
			isa = PBXNativeTarget;
			buildConfigurationList = 26960B112020D567002C4A3E /* Build configuration list for PBXNativeTarget "NotificationService" */;
			buildPhases = (
				26960B032020D567002C4A3E /* Sources */,
				26960B042020D567002C4A3E /* Frameworks */,
				26960B052020D567002C4A3E /* Resources */,
			);
			buildRules = (
			);
			dependencies = (
			);
			name = NotificationService;
			productName = NotificationService;
			productReference = 26960B072020D567002C4A3E /* NotificationService.appex */;
			productType = "com.apple.product-type.app-extension";
		};
/* End PBXNativeTarget section */

/* Begin PBXProject section */
		2642F69A201238D2009B6510 /* Project object */ = {
			isa = PBXProject;
			attributes = {
				LastSwiftUpdateCheck = 0920;
				LastUpgradeCheck = 0920;
				ORGANIZATIONNAME = centroida;
				TargetAttributes = {
					2642F6A1201238D2009B6510 = {
						CreatedOnToolsVersion = 9.2;
						ProvisioningStyle = Automatic;
						SystemCapabilities = {
							com.apple.Push = {
								enabled = 1;
							};
						};
					};
					26960B062020D567002C4A3E = {
						CreatedOnToolsVersion = 9.2;
						ProvisioningStyle = Automatic;
					};
				};
			};
			buildConfigurationList = 2642F69D201238D2009B6510 /* Build configuration list for PBXProject "unicorner" */;
			compatibilityVersion = "Xcode 8.0";
			developmentRegion = en;
			hasScannedForEncodings = 0;
			knownRegions = (
				en,
				Base,
			);
			mainGroup = 2642F699201238D2009B6510;
			productRefGroup = 2642F6A3201238D2009B6510 /* Products */;
			projectDirPath = "";
			projectRoot = "";
			targets = (
				2642F6A1201238D2009B6510 /* unicorner */,
				26960B062020D567002C4A3E /* NotificationService */,
			);
		};
/* End PBXProject section */

/* Begin PBXResourcesBuildPhase section */
		2642F6A0201238D2009B6510 /* Resources */ = {
			isa = PBXResourcesBuildPhase;
			buildActionMask = 2147483647;
			files = (
				2642F6B0201238D2009B6510 /* LaunchScreen.storyboard in Resources */,
				2642F6AD201238D2009B6510 /* Assets.xcassets in Resources */,
				2642F6AB201238D2009B6510 /* Main.storyboard in Resources */,
			);
			runOnlyForDeploymentPostprocessing = 0;
		};
		26960B052020D567002C4A3E /* Resources */ = {
			isa = PBXResourcesBuildPhase;
			buildActionMask = 2147483647;
			files = (
			);
			runOnlyForDeploymentPostprocessing = 0;
		};
/* End PBXResourcesBuildPhase section */

/* Begin PBXSourcesBuildPhase section */
		2642F69E201238D2009B6510 /* Sources */ = {
			isa = PBXSourcesBuildPhase;
			buildActionMask = 2147483647;
			files = (
				2642F6A8201238D2009B6510 /* ViewController.swift in Sources */,
				2642F6A6201238D2009B6510 /* AppDelegate.swift in Sources */,
			);
			runOnlyForDeploymentPostprocessing = 0;
		};
		26960B032020D567002C4A3E /* Sources */ = {
			isa = PBXSourcesBuildPhase;
			buildActionMask = 2147483647;
			files = (
				26960B0A2020D567002C4A3E /* NotificationService.swift in Sources */,
			);
			runOnlyForDeploymentPostprocessing = 0;
		};
/* End PBXSourcesBuildPhase section */

/* Begin PBXTargetDependency section */
		26960B0D2020D567002C4A3E /* PBXTargetDependency */ = {
			isa = PBXTargetDependency;
			target = 26960B062020D567002C4A3E /* NotificationService */;
			targetProxy = 26960B0C2020D567002C4A3E /* PBXContainerItemProxy */;
		};
/* End PBXTargetDependency section */

/* Begin PBXVariantGroup section */
		2642F6A9201238D2009B6510 /* Main.storyboard */ = {
			isa = PBXVariantGroup;
			children = (
				2642F6AA201238D2009B6510 /* Base */,
			);
			name = Main.storyboard;
			sourceTree = "<group>";
		};
		2642F6AE201238D2009B6510 /* LaunchScreen.storyboard */ = {
			isa = PBXVariantGroup;
			children = (
				2642F6AF201238D2009B6510 /* Base */,
			);
			name = LaunchScreen.storyboard;
			sourceTree = "<group>";
		};
/* End PBXVariantGroup section */

/* Begin XCBuildConfiguration section */
		2642F6B2201238D2009B6510 /* Debug */ = {
			isa = XCBuildConfiguration;
			buildSettings = {
				ALWAYS_SEARCH_USER_PATHS = NO;
				CLANG_ANALYZER_NONNULL = YES;
				CLANG_ANALYZER_NUMBER_OBJECT_CONVERSION = YES_AGGRESSIVE;
				CLANG_CXX_LANGUAGE_STANDARD = "gnu++14";
				CLANG_CXX_LIBRARY = "libc++";
				CLANG_ENABLE_MODULES = YES;
				CLANG_ENABLE_OBJC_ARC = YES;
				CLANG_WARN_BLOCK_CAPTURE_AUTORELEASING = YES;
				CLANG_WARN_BOOL_CONVERSION = YES;
				CLANG_WARN_COMMA = YES;
				CLANG_WARN_CONSTANT_CONVERSION = YES;
				CLANG_WARN_DIRECT_OBJC_ISA_USAGE = YES_ERROR;
				CLANG_WARN_DOCUMENTATION_COMMENTS = YES;
				CLANG_WARN_EMPTY_BODY = YES;
				CLANG_WARN_ENUM_CONVERSION = YES;
				CLANG_WARN_INFINITE_RECURSION = YES;
				CLANG_WARN_INT_CONVERSION = YES;
				CLANG_WARN_NON_LITERAL_NULL_CONVERSION = YES;
				CLANG_WARN_OBJC_LITERAL_CONVERSION = YES;
				CLANG_WARN_OBJC_ROOT_CLASS = YES_ERROR;
				CLANG_WARN_RANGE_LOOP_ANALYSIS = YES;
				CLANG_WARN_STRICT_PROTOTYPES = YES;
				CLANG_WARN_SUSPICIOUS_MOVE = YES;
				CLANG_WARN_UNGUARDED_AVAILABILITY = YES_AGGRESSIVE;
				CLANG_WARN_UNREACHABLE_CODE = YES;
				CLANG_WARN__DUPLICATE_METHOD_MATCH = YES;
				CODE_SIGN_IDENTITY = "iPhone Developer";
				COPY_PHASE_STRIP = NO;
				DEBUG_INFORMATION_FORMAT = dwarf;
				ENABLE_STRICT_OBJC_MSGSEND = YES;
				ENABLE_TESTABILITY = YES;
				GCC_C_LANGUAGE_STANDARD = gnu11;
				GCC_DYNAMIC_NO_PIC = NO;
				GCC_NO_COMMON_BLOCKS = YES;
				GCC_OPTIMIZATION_LEVEL = 0;
				GCC_PREPROCESSOR_DEFINITIONS = (
					"DEBUG=1",
					"$(inherited)",
				);
				GCC_WARN_64_TO_32_BIT_CONVERSION = YES;
				GCC_WARN_ABOUT_RETURN_TYPE = YES_ERROR;
				GCC_WARN_UNDECLARED_SELECTOR = YES;
				GCC_WARN_UNINITIALIZED_AUTOS = YES_AGGRESSIVE;
				GCC_WARN_UNUSED_FUNCTION = YES;
				GCC_WARN_UNUSED_VARIABLE = YES;
				IPHONEOS_DEPLOYMENT_TARGET = 11.2;
				MTL_ENABLE_DEBUG_INFO = YES;
				ONLY_ACTIVE_ARCH = YES;
				SDKROOT = iphoneos;
				SWIFT_ACTIVE_COMPILATION_CONDITIONS = DEBUG;
				SWIFT_OPTIMIZATION_LEVEL = "-Onone";
			};
			name = Debug;
		};
		2642F6B3201238D2009B6510 /* Release */ = {
			isa = XCBuildConfiguration;
			buildSettings = {
				ALWAYS_SEARCH_USER_PATHS = NO;
				CLANG_ANALYZER_NONNULL = YES;
				CLANG_ANALYZER_NUMBER_OBJECT_CONVERSION = YES_AGGRESSIVE;
				CLANG_CXX_LANGUAGE_STANDARD = "gnu++14";
				CLANG_CXX_LIBRARY = "libc++";
				CLANG_ENABLE_MODULES = YES;
				CLANG_ENABLE_OBJC_ARC = YES;
				CLANG_WARN_BLOCK_CAPTURE_AUTORELEASING = YES;
				CLANG_WARN_BOOL_CONVERSION = YES;
				CLANG_WARN_COMMA = YES;
				CLANG_WARN_CONSTANT_CONVERSION = YES;
				CLANG_WARN_DIRECT_OBJC_ISA_USAGE = YES_ERROR;
				CLANG_WARN_DOCUMENTATION_COMMENTS = YES;
				CLANG_WARN_EMPTY_BODY = YES;
				CLANG_WARN_ENUM_CONVERSION = YES;
				CLANG_WARN_INFINITE_RECURSION = YES;
				CLANG_WARN_INT_CONVERSION = YES;
				CLANG_WARN_NON_LITERAL_NULL_CONVERSION = YES;
				CLANG_WARN_OBJC_LITERAL_CONVERSION = YES;
				CLANG_WARN_OBJC_ROOT_CLASS = YES_ERROR;
				CLANG_WARN_RANGE_LOOP_ANALYSIS = YES;
				CLANG_WARN_STRICT_PROTOTYPES = YES;
				CLANG_WARN_SUSPICIOUS_MOVE = YES;
				CLANG_WARN_UNGUARDED_AVAILABILITY = YES_AGGRESSIVE;
				CLANG_WARN_UNREACHABLE_CODE = YES;
				CLANG_WARN__DUPLICATE_METHOD_MATCH = YES;
				CODE_SIGN_IDENTITY = "iPhone Developer";
				COPY_PHASE_STRIP = NO;
				DEBUG_INFORMATION_FORMAT = "dwarf-with-dsym";
				ENABLE_NS_ASSERTIONS = NO;
				ENABLE_STRICT_OBJC_MSGSEND = YES;
				GCC_C_LANGUAGE_STANDARD = gnu11;
				GCC_NO_COMMON_BLOCKS = YES;
				GCC_WARN_64_TO_32_BIT_CONVERSION = YES;
				GCC_WARN_ABOUT_RETURN_TYPE = YES_ERROR;
				GCC_WARN_UNDECLARED_SELECTOR = YES;
				GCC_WARN_UNINITIALIZED_AUTOS = YES_AGGRESSIVE;
				GCC_WARN_UNUSED_FUNCTION = YES;
				GCC_WARN_UNUSED_VARIABLE = YES;
				IPHONEOS_DEPLOYMENT_TARGET = 11.2;
				MTL_ENABLE_DEBUG_INFO = NO;
				SDKROOT = iphoneos;
				SWIFT_OPTIMIZATION_LEVEL = "-Owholemodule";
				VALIDATE_PRODUCT = YES;
			};
			name = Release;
		};
		2642F6B5201238D2009B6510 /* Debug */ = {
			isa = XCBuildConfiguration;
			buildSettings = {
				ALWAYS_EMBED_SWIFT_STANDARD_LIBRARIES = YES;
				ASSETCATALOG_COMPILER_APPICON_NAME = AppIcon;
				CODE_SIGN_ENTITLEMENTS = unicorner/unicorner.entitlements;
				CODE_SIGN_STYLE = Automatic;
				DEVELOPMENT_TEAM = E5C2GPDY2X;
				INFOPLIST_FILE = unicorner/Info.plist;
				LD_RUNPATH_SEARCH_PATHS = "$(inherited) @executable_path/Frameworks";
				PRODUCT_BUNDLE_IDENTIFIER = co.centroida.unicorner;
				PRODUCT_NAME = "$(TARGET_NAME)";
				SWIFT_VERSION = 4.0;
				TARGETED_DEVICE_FAMILY = "1,2";
			};
			name = Debug;
		};
		2642F6B6201238D2009B6510 /* Release */ = {
			isa = XCBuildConfiguration;
			buildSettings = {
				ALWAYS_EMBED_SWIFT_STANDARD_LIBRARIES = YES;
				ASSETCATALOG_COMPILER_APPICON_NAME = AppIcon;
				CODE_SIGN_ENTITLEMENTS = unicorner/unicorner.entitlements;
				CODE_SIGN_STYLE = Automatic;
				DEVELOPMENT_TEAM = E5C2GPDY2X;
				INFOPLIST_FILE = unicorner/Info.plist;
				LD_RUNPATH_SEARCH_PATHS = "$(inherited) @executable_path/Frameworks";
				PRODUCT_BUNDLE_IDENTIFIER = co.centroida.unicorner;
				PRODUCT_NAME = "$(TARGET_NAME)";
				SWIFT_VERSION = 4.0;
				TARGETED_DEVICE_FAMILY = "1,2";
			};
			name = Release;
		};
		26960B0F2020D567002C4A3E /* Debug */ = {
			isa = XCBuildConfiguration;
			buildSettings = {
				CODE_SIGN_STYLE = Automatic;
				DEVELOPMENT_TEAM = E5C2GPDY2X;
				INFOPLIST_FILE = NotificationService/Info.plist;
				LD_RUNPATH_SEARCH_PATHS = "$(inherited) @executable_path/Frameworks @executable_path/../../Frameworks";
				PRODUCT_BUNDLE_IDENTIFIER = co.centroida.unicorner.NotificationService;
				PRODUCT_NAME = "$(TARGET_NAME)";
				SKIP_INSTALL = YES;
				SWIFT_VERSION = 4.0;
				TARGETED_DEVICE_FAMILY = "1,2";
			};
			name = Debug;
		};
		26960B102020D567002C4A3E /* Release */ = {
			isa = XCBuildConfiguration;
			buildSettings = {
				CODE_SIGN_STYLE = Automatic;
				DEVELOPMENT_TEAM = E5C2GPDY2X;
				INFOPLIST_FILE = NotificationService/Info.plist;
				LD_RUNPATH_SEARCH_PATHS = "$(inherited) @executable_path/Frameworks @executable_path/../../Frameworks";
				PRODUCT_BUNDLE_IDENTIFIER = co.centroida.unicorner.NotificationService;
				PRODUCT_NAME = "$(TARGET_NAME)";
				SKIP_INSTALL = YES;
				SWIFT_VERSION = 4.0;
				TARGETED_DEVICE_FAMILY = "1,2";
			};
			name = Release;
		};
/* End XCBuildConfiguration section */

/* Begin XCConfigurationList section */
		2642F69D201238D2009B6510 /* Build configuration list for PBXProject "unicorner" */ = {
			isa = XCConfigurationList;
			buildConfigurations = (
				2642F6B2201238D2009B6510 /* Debug */,
				2642F6B3201238D2009B6510 /* Release */,
			);
			defaultConfigurationIsVisible = 0;
			defaultConfigurationName = Release;
		};
		2642F6B4201238D2009B6510 /* Build configuration list for PBXNativeTarget "unicorner" */ = {
			isa = XCConfigurationList;
			buildConfigurations = (
				2642F6B5201238D2009B6510 /* Debug */,
				2642F6B6201238D2009B6510 /* Release */,
			);
			defaultConfigurationIsVisible = 0;
			defaultConfigurationName = Release;
		};
		26960B112020D567002C4A3E /* Build configuration list for PBXNativeTarget "NotificationService" */ = {
			isa = XCConfigurationList;
			buildConfigurations = (
				26960B0F2020D567002C4A3E /* Debug */,
				26960B102020D567002C4A3E /* Release */,
			);
			defaultConfigurationIsVisible = 0;
			defaultConfigurationName = Release;
		};
/* End XCConfigurationList section */
	};
	rootObject = 2642F69A201238D2009B6510 /* Project object */;
}
